<Solution>
  <Folder Name="/src/">
    <Project Path="src/RemoteDeck.Plugin.Abstractions/RemoteDeck.Plugin.Abstractions.csproj" />
    <Project Path="src/RemoteDeck.Core/RemoteDeck.Core.csproj" />
    <Project Path="src/RemoteDeck.Vault/RemoteDeck.Vault.csproj" />
    <Project Path="src/RemoteDeck.Protocols.Ssh/RemoteDeck.Protocols.Ssh.csproj" />
    <Project Path="src/RemoteDeck.Protocols.Telnet/RemoteDeck.Protocols.Telnet.csproj" />
    <Project Path="src/RemoteDeck.Protocols.Serial/RemoteDeck.Protocols.Serial.csproj" />
    <Project Path="src/RemoteDeck.Protocols.Git/RemoteDeck.Protocols.Git.csproj" />
    <Project Path="src/RemoteDeck.Protocols.Ai/RemoteDeck.Protocols.Ai.csproj" />
    <Project Path="src/RemoteDeck.App/RemoteDeck.App.csproj" />
  </Folder>
  <Folder Name="/tools/">
    <Project Path="tools/SshSmoke/SshSmoke.csproj" />
  </Folder>
  <Folder Name="/samples/">
    <Project Path="samples/HelloPlugin/HelloPlugin.csproj" />
  </Folder>
  <Folder Name="/tests/">
    <Project Path="tests/RemoteDeck.Core.Tests/RemoteDeck.Core.Tests.csproj" />
    <Project Path="tests/RemoteDeck.Vault.Tests/RemoteDeck.Vault.Tests.csproj" />
    <Project Path="tests/RemoteDeck.Protocols.Ssh.Tests/RemoteDeck.Protocols.Ssh.Tests.csproj" />
    <Project Path="tests/RemoteDeck.Protocols.Telnet.Tests/RemoteDeck.Protocols.Telnet.Tests.csproj" />
    <Project Path="tests/RemoteDeck.Protocols.Serial.Tests/RemoteDeck.Protocols.Serial.Tests.csproj" />
    <Project Path="tests/RemoteDeck.Protocols.Git.Tests/RemoteDeck.Protocols.Git.Tests.csproj" />
    <Project Path="tests/RemoteDeck.Protocols.Ai.Tests/RemoteDeck.Protocols.Ai.Tests.csproj" />
  </Folder>
</Solution>
